<?xml version="1.0" encoding="utf-8"?>
<Project ToolsVersion="4.0" xmlns="http://schemas.microsoft.com/developer/msbuild/2003">
  <ItemGroup>
    <Filter Include="Resource Files">
      <UniqueIdentifier>{67DA6AB6-F800-4c08-8B7A-83BB121AAD01}</UniqueIdentifier>
      <Extensions>rc;ico;cur;bmp;dlg;rc2;rct;bin;rgs;gif;jpg;jpeg;jpe;resx;tiff;tif;png;wav;mfcribbon-ms</Extensions>
    </Filter>
  </ItemGroup>
  <ItemGroup>
    <ClInclude Include="src\glfw.hpp" />
    <ClInclude Include="src\input.hpp" />
    <ClInclude Include="src\models\teapot.hpp" />
    <ClInclude Include="src\render.hpp" />
    <ClInclude Include="src\resources.hpp" />
    <ClInclude Include="src\world.hpp" />
    <ClInclude Include="src\network.hpp" />
  </ItemGroup>
  <ItemGroup>
    <ClCompile Include="..\external\lodepng\lodepng.cpp" />
    <ClCompile Include="src\input.cpp" />
    <ClCompile Include="src\main.cpp" />
    <ClCompile Include="src\render.cpp" />
    <ClCompile Include="src\models\teapot.cpp" />
    <ClCompile Include="src\resources.cpp" />
    <ClCompile Include="src\world.cpp" />
    <ClCompile Include="src\network.cpp" />
  </ItemGroup>
  <ItemGroup>
    <None Include="..\res\shaders\main.frag" />
    <None Include="..\res\shaders\main.vert" />
    <None Include="..\res\shaders\skybox.frag" />
    <None Include="..\res\shaders\skybox.vert" />
    <None Include="shaders\main.frag" />
    <None Include="shaders\main.vert" />
    <None Include="shaders\skybox.frag" />
    <None Include="shaders\skybox.vert" />
    <None Include="link_src.bat" />
  </ItemGroup>
  <ItemGroup>
    <Library Include="glfw3\lib\glew32.lib" />
    <Library Include="glfw3\lib\glew32s.lib" />
    <Library Include="glfw3\lib\glfw3.lib" />
    <Library Include="glfw3\lib\glfw3dll.lib" />
  </ItemGroup>
</Project>